
Microsoft Visual Studio Solution File, Format Version 12.00
# Visual Studio Version 17
VisualStudioVersion = 17.4.33403.182
MinimumVisualStudioVersion = 10.0.40219.1
Project("{FAE04EC0-301F-11D3-BF4B-00C04F79EFBC}") = "SkillCourse", "SkillCourse\SkillCourse.csproj", "{3444995F-C6E4-4A48-AFA3-6F4E2B4831F3}"
EndProject
Global
	GlobalSection(SolutionConfigurationPlatforms) = preSolution
		Debug|Any CPU = Debug|Any CPU
		Release|Any CPU = Release|Any CPU
	EndGlobalSection
	GlobalSection(ProjectConfigurationPlatforms) = postSolution
		{3444995F-C6E4-4A48-AFA3-6F4E2B4831F3}.Debug|Any CPU.ActiveCfg = Debug|Any CPU
		{3444995F-C6E4-4A48-AFA3-6F4E2B4831F3}.Debug|Any CPU.Build.0 = Debug|Any CPU
		{3444995F-C6E4-4A48-AFA3-6F4E2B4831F3}.Release|Any CPU.ActiveCfg = Release|Any CPU
		{3444995F-C6E4-4A48-AFA3-6F4E2B4831F3}.Release|Any CPU.Build.0 = Release|Any CPU
	EndGlobalSection
	GlobalSection(SolutionProperties) = preSolution
		HideSolutionNode = FALSE
	EndGlobalSection
	GlobalSection(ExtensibilityGlobals) = postSolution
		SolutionGuid = {64237C9E-DE64-4E8F-B1A4-4FBF0E7813B0}
	EndGlobalSection
EndGlobal
